
Microsoft Visual Studio Solution File, Format Version 12.00
# Visual Studio Version 16
VisualStudioVersion = 16.0.31105.61
MinimumVisualStudioVersion = 10.0.40219.1
Project("{FAE04EC0-301F-11D3-BF4B-00C04F79EFBC}") = "Tema C4", "Tema C4.csproj", "{2DD125DB-25EC-45C4-83EF-AEDB6F5B1E35}"
EndProject
Global
	GlobalSection(SolutionConfigurationPlatforms) = preSolution
		Debug|Any CPU = Debug|Any CPU
		Release|Any CPU = Release|Any CPU
	EndGlobalSection
	GlobalSection(ProjectConfigurationPlatforms) = postSolution
		{2DD125DB-25EC-45C4-83EF-AEDB6F5B1E35}.Debug|Any CPU.ActiveCfg = Debug|Any CPU
		{2DD125DB-25EC-45C4-83EF-AEDB6F5B1E35}.Debug|Any CPU.Build.0 = Debug|Any CPU
		{2DD125DB-25EC-45C4-83EF-AEDB6F5B1E35}.Release|Any CPU.ActiveCfg = Release|Any CPU
		{2DD125DB-25EC-45C4-83EF-AEDB6F5B1E35}.Release|Any CPU.Build.0 = Release|Any CPU
	EndGlobalSection
	GlobalSection(SolutionProperties) = preSolution
		HideSolutionNode = FALSE
	EndGlobalSection
	GlobalSection(ExtensibilityGlobals) = postSolution
		SolutionGuid = {F4665468-8845-44C1-94C5-C571C76B3D13}
	EndGlobalSection
EndGlobal
