
Microsoft Visual Studio Solution File, Format Version 12.00
# Visual Studio Version 16
VisualStudioVersion = 16.0.31105.61
MinimumVisualStudioVersion = 10.0.40219.1
Project("{FAE04EC0-301F-11D3-BF4B-00C04F79EFBC}") = "Car_App", "Car_App.csproj", "{F6905C79-D464-454E-A108-19DA4363BBBD}"
EndProject
Global
	GlobalSection(SolutionConfigurationPlatforms) = preSolution
		Debug|Any CPU = Debug|Any CPU
		Release|Any CPU = Release|Any CPU
	EndGlobalSection
	GlobalSection(ProjectConfigurationPlatforms) = postSolution
		{F6905C79-D464-454E-A108-19DA4363BBBD}.Debug|Any CPU.ActiveCfg = Debug|Any CPU
		{F6905C79-D464-454E-A108-19DA4363BBBD}.Debug|Any CPU.Build.0 = Debug|Any CPU
		{F6905C79-D464-454E-A108-19DA4363BBBD}.Release|Any CPU.ActiveCfg = Release|Any CPU
		{F6905C79-D464-454E-A108-19DA4363BBBD}.Release|Any CPU.Build.0 = Release|Any CPU
	EndGlobalSection
	GlobalSection(SolutionProperties) = preSolution
		HideSolutionNode = FALSE
	EndGlobalSection
	GlobalSection(ExtensibilityGlobals) = postSolution
		SolutionGuid = {B194A26C-F146-45FA-879A-2CFD6B69C3CC}
	EndGlobalSection
EndGlobal
